# This file is automatically @generated by Cargo.
# It is not intended for manual editing.
version = 3

[[package]]
name = "powershell_script"
version = "1.0.2"
source = "registry+https://github.com/rust-lang/crates.io-index"
checksum = "9d5c8599ccb442b80c8c04437bcbcac2f76ff34d7b658b759fb26744dcab6c03"

[[package]]
name = "rust_powershell_runner"
version = "0.1.0"
dependencies = [
 "powershell_script",
]
